
Microsoft Visual Studio Solution File, Format Version 12.00
# Visual Studio Version 17
VisualStudioVersion = 17.6.33829.357
MinimumVisualStudioVersion = 10.0.40219.1
Project("{FAE04EC0-301F-11D3-BF4B-00C04F79EFBC}") = "COREContacts", "COREContacts\COREContacts.csproj", "{735B426D-F85D-4673-BF48-F2DA16C21DF3}"
EndProject
Global
	GlobalSection(SolutionConfigurationPlatforms) = preSolution
		Debug|Any CPU = Debug|Any CPU
		Release|Any CPU = Release|Any CPU
	EndGlobalSection
	GlobalSection(ProjectConfigurationPlatforms) = postSolution
		{735B426D-F85D-4673-BF48-F2DA16C21DF3}.Debug|Any CPU.ActiveCfg = Debug|Any CPU
		{735B426D-F85D-4673-BF48-F2DA16C21DF3}.Debug|Any CPU.Build.0 = Debug|Any CPU
		{735B426D-F85D-4673-BF48-F2DA16C21DF3}.Release|Any CPU.ActiveCfg = Release|Any CPU
		{735B426D-F85D-4673-BF48-F2DA16C21DF3}.Release|Any CPU.Build.0 = Release|Any CPU
	EndGlobalSection
	GlobalSection(SolutionProperties) = preSolution
		HideSolutionNode = FALSE
	EndGlobalSection
	GlobalSection(ExtensibilityGlobals) = postSolution
		SolutionGuid = {48422B55-5D89-4EA0-A4B1-1DA4E960C57E}
	EndGlobalSection
EndGlobal
